{
  "nodes": {
    "claude-agent-acp": {
      "flake": false,
      "locked": {
        "lastModified": 1783599570,
        "narHash": "sha256-9bnUVYfE3iMOcHFg9PK25MoMla978/YbkZLzWgVkd84=",
        "owner": "agentclientprotocol",
        "repo": "claude-agent-acp",
        "rev": "3500ef736ffe816ab5b01c0c20669015fb4cf8b7",
        "type": "github"
      },
      "original": {
        "owner": "agentclientprotocol",
        "ref": "v0.58.1",
        "repo": "claude-agent-acp",
        "type": "github"
      }
    },
    "codex-acp": {
      "flake": false,
      "locked": {
        "lastModified": 1783619208,
        "narHash": "sha256-XN65SdHfuHoRwQUIXYFZXR++QzW7+rNUps2kY4a4JQ4=",
        "owner": "agentclientprotocol",
        "repo": "codex-acp",
        "rev": "8aff492d4b033ff2c02ad3b9d591994d57617463",
        "type": "github"
      },
      "original": {
        "owner": "agentclientprotocol",
        "ref": "v1.1.2",
        "repo": "codex-acp",
        "type": "github"
      }
    },
    "emacs-lsp-booster": {
      "inputs": {
        "nixpkgs": [
          "nixpkgs"
        ]
      },
      "locked": {
        "lastModified": 1744007427,
        "narHash": "sha256-eccCwW7GQVSk/WOCxt5izY5VdVknheI3oAXa0Xg9k9U=",
        "owner": "slotThe",
        "repo": "emacs-lsp-booster-flake",
        "rev": "8229947cf6d2f565a9aa882b7946c643099e1ef0",
        "type": "github"
      },
      "original": {
        "owner": "slotThe",
        "repo": "emacs-lsp-booster-flake",
        "type": "github"
      }
    },
    "flake-utils": {
      "inputs": {
        "systems": "systems"
      },
      "locked": {
        "lastModified": 1731533236,
        "narHash": "sha256-l0KFg5HjrsfsO/JpG+r7fRrqm12kzFHyUHqHCVpMMbI=",
        "owner": "numtide",
        "repo": "flake-utils",
        "rev": "11707dc2f618dd54ca8739b309ec4fc024de578b",
        "type": "github"
      },
      "original": {
        "owner": "numtide",
        "repo": "flake-utils",
        "type": "github"
      }
    },
    "gws": {
      "inputs": {
        "flake-utils": "flake-utils",
        "nixpkgs": [
          "nixpkgs"
        ]
      },
      "locked": {
        "lastModified": 1774983075,
        "narHash": "sha256-YyNIHbyZrLlXYtWxZY8Um19MsnLharmS+nWGWO89fsA=",
        "owner": "googleworkspace",
        "repo": "cli",
        "rev": "a3768d0e82ad83cca2da97724e46bea4ff0e6dbd",
        "type": "github"
      },
      "original": {
        "owner": "googleworkspace",
        "repo": "cli",
        "type": "github"
      }
    },
    "home-manager": {
      "inputs": {
        "nixpkgs": [
          "nixpkgs"
        ]
      },
      "locked": {
        "lastModified": 1786929086,
        "narHash": "sha256-kzpwMyT7i2fTQ41tf/WlsIHuJtf3e0leRBEPkBhUzBY=",
        "owner": "nix-community",
        "repo": "home-manager",
        "rev": "aac4965ddb7ea2ff0f3cadd9502c7042b7aa07ba",
        "type": "github"
      },
      "original": {
        "owner": "nix-community",
        "repo": "home-manager",
        "type": "github"
      }
    },
    "nixpkgs": {
      "locked": {
        "lastModified": 1786719841,
        "narHash": "sha256-QcpQOT0NQEFkI77t+YXPZqDJc35iIodG7zinieOwFUg=",
        "owner": "nixos",
        "repo": "nixpkgs",
        "rev": "8be7bd0c83f12e2e3bbba07c9044d6fed9e66f7f",
        "type": "github"
      },
      "original": {
        "owner": "nixos",
        "ref": "nixpkgs-unstable",
        "repo": "nixpkgs",
        "type": "github"
      }
    },
    "pi-acp": {
      "flake": false,
      "locked": {
        "lastModified": 1781737884,
        "narHash": "sha256-bM3V/3fxkY2Ib+OyfT82StIIRSLXGDuYUbt1CZKpTuo=",
        "owner": "svkozak",
        "repo": "pi-acp",
        "rev": "9e857dcc05a057404eb1537e5f31e5aef88a5863",
        "type": "github"
      },
      "original": {
        "owner": "svkozak",
        "ref": "v0.0.31",
        "repo": "pi-acp",
        "type": "github"
      }
    },
    "root": {
      "inputs": {
        "claude-agent-acp": "claude-agent-acp",
        "codex-acp": "codex-acp",
        "emacs-lsp-booster": "emacs-lsp-booster",
        "gws": "gws",
        "home-manager": "home-manager",
        "nixpkgs": "nixpkgs",
        "pi-acp": "pi-acp"
      }
    },
    "systems": {
      "locked": {
        "lastModified": 1681028828,
        "narHash": "sha256-Vy1rq5AaRuLzOxct8nz4T6wlgyUR7zLU309k9mBC768=",
        "owner": "nix-systems",
        "repo": "default",
        "rev": "da67096a3b9bf56a91d16901293e51ba5b49a27e",
        "type": "github"
      },
      "original": {
        "owner": "nix-systems",
        "repo": "default",
        "type": "github"
      }
    }
  },
  "root": "root",
  "version": 7
}
